
Microsoft Visual Studio Solution File, Format Version 12.00
# Visual Studio Version 16
VisualStudioVersion = 16.0.31729.503
MinimumVisualStudioVersion = 10.0.40219.1
Project("{FAE04EC0-301F-11D3-BF4B-00C04F79EFBC}") = "BackupProgram_V2", "BackupProgram_V2\BackupProgram_V2.csproj", "{A352BDF0-367D-40D9-B97C-C32CF0729459}"
EndProject
Global
	GlobalSection(SolutionConfigurationPlatforms) = preSolution
		Debug|Any CPU = Debug|Any CPU
		Release|Any CPU = Release|Any CPU
	EndGlobalSection
	GlobalSection(ProjectConfigurationPlatforms) = postSolution
		{A352BDF0-367D-40D9-B97C-C32CF0729459}.Debug|Any CPU.ActiveCfg = Debug|Any CPU
		{A352BDF0-367D-40D9-B97C-C32CF0729459}.Debug|Any CPU.Build.0 = Debug|Any CPU
		{A352BDF0-367D-40D9-B97C-C32CF0729459}.Release|Any CPU.ActiveCfg = Release|Any CPU
		{A352BDF0-367D-40D9-B97C-C32CF0729459}.Release|Any CPU.Build.0 = Release|Any CPU
	EndGlobalSection
	GlobalSection(SolutionProperties) = preSolution
		HideSolutionNode = FALSE
	EndGlobalSection
	GlobalSection(ExtensibilityGlobals) = postSolution
		SolutionGuid = {27DBA356-64BC-4D42-8701-29C109336BED}
	EndGlobalSection
EndGlobal
